
Microsoft Visual Studio Solution File, Format Version 12.00
# Visual Studio Version 16
VisualStudioVersion = 16.0.30804.86
MinimumVisualStudioVersion = 10.0.40219.1
Project("{8BC9CEB8-8B4A-11D0-8D11-00A0C91BC942}") = "giUtilities", "giUtilities\giUtilities.vcxproj", "{6EB17E95-6FFD-4E78-A336-75A798229FA7}"
EndProject
Project("{8BC9CEB8-8B4A-11D0-8D11-00A0C91BC942}") = "giUtilities_UnitTest", "giUtilities_UnitTest\giUtilities_UnitTest.vcxproj", "{B307084D-BF95-41D0-ACF0-FB315B7F0E8F}"
	ProjectSection(ProjectDependencies) = postProject
		{6EB17E95-6FFD-4E78-A336-75A798229FA7} = {6EB17E95-6FFD-4E78-A336-75A798229FA7}
	EndProjectSection
EndProject
Project("{8BC9CEB8-8B4A-11D0-8D11-00A0C91BC942}") = "giCore", "giCore\giCore.vcxproj", "{4E5979E7-8E58-4C71-8906-931883E0B749}"
EndProject
Global
	GlobalSection(SolutionConfigurationPlatforms) = preSolution
		Debug_DLL|x64 = Debug_DLL|x64
		Debug_DLL|x86 = Debug_DLL|x86
		Debug|x64 = Debug|x64
		Debug|x86 = Debug|x86
		Release_DLL|x64 = Release_DLL|x64
		Release_DLL|x86 = Release_DLL|x86
		Release|x64 = Release|x64
		Release|x86 = Release|x86
	EndGlobalSection
	GlobalSection(ProjectConfigurationPlatforms) = postSolution
		{6EB17E95-6FFD-4E78-A336-75A798229FA7}.Debug_DLL|x64.ActiveCfg = Debug_DLL|x64
		{6EB17E95-6FFD-4E78-A336-75A798229FA7}.Debug_DLL|x64.Build.0 = Debug_DLL|x64
		{6EB17E95-6FFD-4E78-A336-75A798229FA7}.Debug_DLL|x86.ActiveCfg = Release_DLL|Win32
		{6EB17E95-6FFD-4E78-A336-75A798229FA7}.Debug_DLL|x86.Build.0 = Release_DLL|Win32
		{6EB17E95-6FFD-4E78-A336-75A798229FA7}.Debug|x64.ActiveCfg = Debug_Static|x64
		{6EB17E95-6FFD-4E78-A336-75A798229FA7}.Debug|x64.Build.0 = Debug_Static|x64
		{6EB17E95-6FFD-4E78-A336-75A798229FA7}.Debug|x86.ActiveCfg = Debug_Static|Win32
		{6EB17E95-6FFD-4E78-A336-75A798229FA7}.Debug|x86.Build.0 = Debug_Static|Win32
		{6EB17E95-6FFD-4E78-A336-75A798229FA7}.Release_DLL|x64.ActiveCfg = Release_DLL|x64
		{6EB17E95-6FFD-4E78-A336-75A798229FA7}.Release_DLL|x64.Build.0 = Release_DLL|x64
		{6EB17E95-6FFD-4E78-A336-75A798229FA7}.Release_DLL|x86.ActiveCfg = Debug_DLL|Win32
		{6EB17E95-6FFD-4E78-A336-75A798229FA7}.Release_DLL|x86.Build.0 = Debug_DLL|Win32
		{6EB17E95-6FFD-4E78-A336-75A798229FA7}.Release|x64.ActiveCfg = Release_Static|x64
		{6EB17E95-6FFD-4E78-A336-75A798229FA7}.Release|x64.Build.0 = Release_Static|x64
		{6EB17E95-6FFD-4E78-A336-75A798229FA7}.Release|x86.ActiveCfg = Release_Static|Win32
		{6EB17E95-6FFD-4E78-A336-75A798229FA7}.Release|x86.Build.0 = Release_Static|Win32
		{B307084D-BF95-41D0-ACF0-FB315B7F0E8F}.Debug_DLL|x64.ActiveCfg = Debug|x64
		{B307084D-BF95-41D0-ACF0-FB315B7F0E8F}.Debug_DLL|x64.Build.0 = Debug|x64
		{B307084D-BF95-41D0-ACF0-FB315B7F0E8F}.Debug_DLL|x86.ActiveCfg = Debug|Win32
		{B307084D-BF95-41D0-ACF0-FB315B7F0E8F}.Debug_DLL|x86.Build.0 = Debug|Win32
		{B307084D-BF95-41D0-ACF0-FB315B7F0E8F}.Debug|x64.ActiveCfg = Debug|x64
		{B307084D-BF95-41D0-ACF0-FB315B7F0E8F}.Debug|x64.Build.0 = Debug|x64
		{B307084D-BF95-41D0-ACF0-FB315B7F0E8F}.Debug|x86.ActiveCfg = Debug|Win32
		{B307084D-BF95-41D0-ACF0-FB315B7F0E8F}.Debug|x86.Build.0 = Debug|Win32
		{B307084D-BF95-41D0-ACF0-FB315B7F0E8F}.Release_DLL|x64.ActiveCfg = Release|x64
		{B307084D-BF95-41D0-ACF0-FB315B7F0E8F}.Release_DLL|x64.Build.0 = Release|x64
		{B307084D-BF95-41D0-ACF0-FB315B7F0E8F}.Release_DLL|x86.ActiveCfg = Release|Win32
		{B307084D-BF95-41D0-ACF0-FB315B7F0E8F}.Release_DLL|x86.Build.0 = Release|Win32
		{B307084D-BF95-41D0-ACF0-FB315B7F0E8F}.Release|x64.ActiveCfg = Release|x64
		{B307084D-BF95-41D0-ACF0-FB315B7F0E8F}.Release|x64.Build.0 = Release|x64
		{B307084D-BF95-41D0-ACF0-FB315B7F0E8F}.Release|x86.ActiveCfg = Release|Win32
		{B307084D-BF95-41D0-ACF0-FB315B7F0E8F}.Release|x86.Build.0 = Release|Win32
		{4E5979E7-8E58-4C71-8906-931883E0B749}.Debug_DLL|x64.ActiveCfg = Debug|x64
		{4E5979E7-8E58-4C71-8906-931883E0B749}.Debug_DLL|x64.Build.0 = Debug|x64
		{4E5979E7-8E58-4C71-8906-931883E0B749}.Debug_DLL|x86.ActiveCfg = Debug|Win32
		{4E5979E7-8E58-4C71-8906-931883E0B749}.Debug_DLL|x86.Build.0 = Debug|Win32
		{4E5979E7-8E58-4C71-8906-931883E0B749}.Debug|x64.ActiveCfg = Debug|x64
		{4E5979E7-8E58-4C71-8906-931883E0B749}.Debug|x64.Build.0 = Debug|x64
		{4E5979E7-8E58-4C71-8906-931883E0B749}.Debug|x86.ActiveCfg = Debug|Win32
		{4E5979E7-8E58-4C71-8906-931883E0B749}.Debug|x86.Build.0 = Debug|Win32
		{4E5979E7-8E58-4C71-8906-931883E0B749}.Release_DLL|x64.ActiveCfg = Release|x64
		{4E5979E7-8E58-4C71-8906-931883E0B749}.Release_DLL|x64.Build.0 = Release|x64
		{4E5979E7-8E58-4C71-8906-931883E0B749}.Release_DLL|x86.ActiveCfg = Release|Win32
		{4E5979E7-8E58-4C71-8906-931883E0B749}.Release_DLL|x86.Build.0 = Release|Win32
		{4E5979E7-8E58-4C71-8906-931883E0B749}.Release|x64.ActiveCfg = Release|x64
		{4E5979E7-8E58-4C71-8906-931883E0B749}.Release|x64.Build.0 = Release|x64
		{4E5979E7-8E58-4C71-8906-931883E0B749}.Release|x86.ActiveCfg = Release|Win32
		{4E5979E7-8E58-4C71-8906-931883E0B749}.Release|x86.Build.0 = Release|Win32
	EndGlobalSection
	GlobalSection(SolutionProperties) = preSolution
		HideSolutionNode = FALSE
	EndGlobalSection
	GlobalSection(ExtensibilityGlobals) = postSolution
		SolutionGuid = {37EF4EB8-81BD-410E-9DEC-44EBBDD4141C}
	EndGlobalSection
EndGlobal
