<?xml version="1.0" encoding="utf-8"?>
<Project ToolsVersion="4.0" xmlns="http://schemas.microsoft.com/developer/msbuild/2003">
  <ItemGroup>
    <Filter Include="Source Files">
      <UniqueIdentifier>{4FC737F1-C7A5-4376-A066-2A32D752A2FF}</UniqueIdentifier>
      <Extensions>cpp;c;cc;cxx;c++;cppm;ixx;def;odl;idl;hpj;bat;asm;asmx</Extensions>
    </Filter>
    <Filter Include="Header Files">
      <UniqueIdentifier>{93995380-89BD-4b04-88EB-625FBE52EBFB}</UniqueIdentifier>
      <Extensions>h;hh;hpp;hxx;h++;hm;inl;inc;ipp;xsd</Extensions>
    </Filter>
    <Filter Include="Resource Files">
      <UniqueIdentifier>{67DA6AB6-F800-4c08-8B7A-83BB121AAD01}</UniqueIdentifier>
      <Extensions>rc;ico;cur;bmp;dlg;rc2;rct;bin;rgs;gif;jpg;jpeg;jpe;resx;tiff;tif;png;wav;mfcribbon-ms</Extensions>
    </Filter>
    <Filter Include="BaseApp">
      <UniqueIdentifier>{6880c1e1-8178-4136-9981-e58b107d11e5}</UniqueIdentifier>
    </Filter>
  </ItemGroup>
  <ItemGroup>
    <ClCompile Include="src\giBaseApp.cpp">
      <Filter>BaseApp</Filter>
    </ClCompile>
    <ClCompile Include="src\giCamera.cpp">
      <Filter>Source Files</Filter>
    </ClCompile>
    <ClCompile Include="src\giMesh.cpp">
      <Filter>Source Files</Filter>
    </ClCompile>
    <ClCompile Include="src\giModel.cpp">
      <Filter>Source Files</Filter>
    </ClCompile>
    <ClCompile Include="src\giBaseGraphicsAPI.cpp">
      <Filter>Source Files</Filter>
    </ClCompile>
    <ClCompile Include="src\giActor.cpp">
      <Filter>Source Files</Filter>
    </ClCompile>
    <ClCompile Include="src\giSceneNode.cpp">
      <Filter>Source Files</Filter>
    </ClCompile>
    <ClCompile Include="src\giSceneGraph.cpp">
      <Filter>Source Files</Filter>
    </ClCompile>
    <ClCompile Include="src\giSkeletalMesh.cpp">
      <Filter>Source Files</Filter>
    </ClCompile>
  </ItemGroup>
  <ItemGroup>
    <ClInclude Include="include\giTexture2D.h">
      <Filter>Header Files</Filter>
    </ClInclude>
    <ClInclude Include="include\giInputLayout.h">
      <Filter>Header Files</Filter>
    </ClInclude>
    <ClInclude Include="include\giPrerequisitesCore.h">
      <Filter>Header Files</Filter>
    </ClInclude>
    <ClInclude Include="include\giBaseGraphicsAPI.h">
      <Filter>Header Files</Filter>
    </ClInclude>
    <ClInclude Include="include\giSampler.h">
      <Filter>Header Files</Filter>
    </ClInclude>
    <ClInclude Include="include\giBuffer.h">
      <Filter>Header Files</Filter>
    </ClInclude>
    <ClInclude Include="include\giBaseApp.h">
      <Filter>BaseApp</Filter>
    </ClInclude>
    <ClInclude Include="include\giBaseShader.h">
      <Filter>Header Files</Filter>
    </ClInclude>
    <ClInclude Include="include\giCamera.h">
      <Filter>Header Files</Filter>
    </ClInclude>
    <ClInclude Include="include\giDepthStencilView.h">
      <Filter>Header Files</Filter>
    </ClInclude>
    <ClInclude Include="include\giMesh.h">
      <Filter>Header Files</Filter>
    </ClInclude>
    <ClInclude Include="include\giModel.h">
      <Filter>Header Files</Filter>
    </ClInclude>
    <ClInclude Include="include\giBasePixelShader.h">
      <Filter>Header Files</Filter>
    </ClInclude>
    <ClInclude Include="include\giBaseVertexShader.h">
      <Filter>Header Files</Filter>
    </ClInclude>
    <ClInclude Include="include\giActor.h">
      <Filter>Header Files</Filter>
    </ClInclude>
    <ClInclude Include="include\giSceneGraph.h">
      <Filter>Header Files</Filter>
    </ClInclude>
    <ClInclude Include="include\giComponent.h">
      <Filter>Header Files</Filter>
    </ClInclude>
    <ClInclude Include="include\giObject.h">
      <Filter>Header Files</Filter>
    </ClInclude>
    <ClInclude Include="include\giSceneNode.h">
      <Filter>Header Files</Filter>
    </ClInclude>
    <ClInclude Include="include\giTextureManager.h">
      <Filter>Header Files</Filter>
    </ClInclude>
    <ClInclude Include="include\giResource.h">
      <Filter>Header Files</Filter>
    </ClInclude>
    <ClInclude Include="include\giSkeletalMesh.h">
      <Filter>Header Files</Filter>
    </ClInclude>
    <ClInclude Include="include\giMaterial.h">
      <Filter>Header Files</Filter>
    </ClInclude>
  </ItemGroup>
</Project>