<?xml version="1.0" encoding="utf-8"?>
<Project ToolsVersion="4.0" xmlns="http://schemas.microsoft.com/developer/msbuild/2003">
  <ItemGroup>
    <Filter Include="Source Files">
      <UniqueIdentifier>{4FC737F1-C7A5-4376-A066-2A32D752A2FF}</UniqueIdentifier>
      <Extensions>cpp;c;h;cpp</Extensions>
    </Filter>
    <Filter Include="Source Files\Prerequisites">
      <UniqueIdentifier>{f04aa545-2dad-4cb4-b50c-66aa1ee74589}</UniqueIdentifier>
    </Filter>
    <Filter Include="Source Files\Matrix">
      <UniqueIdentifier>{6f325675-855a-4f93-99c7-b12ac309c93d}</UniqueIdentifier>
    </Filter>
    <Filter Include="Source Files\Vector">
      <UniqueIdentifier>{266c0806-d74c-4535-8dce-d2331a32a291}</UniqueIdentifier>
    </Filter>
    <Filter Include="Source Files\Math">
      <UniqueIdentifier>{3ecd141e-4bc6-4fb9-8f90-3f8ada5e8d91}</UniqueIdentifier>
    </Filter>
    <Filter Include="Source Files\Time">
      <UniqueIdentifier>{10cba688-259e-48c9-88d9-314b90dd2d14}</UniqueIdentifier>
    </Filter>
    <Filter Include="Source Files\Logger">
      <UniqueIdentifier>{4e6f450c-ae6c-483b-b4b9-7feb7d11b429}</UniqueIdentifier>
    </Filter>
    <Filter Include="Source Files\FileSystem">
      <UniqueIdentifier>{31f40f7a-7d9b-469e-9471-d881671dabbf}</UniqueIdentifier>
    </Filter>
    <Filter Include="Source Files\Platform Scpecifics">
      <UniqueIdentifier>{3d016293-9c21-4fe7-9f9b-e0b0b1cd1bda}</UniqueIdentifier>
    </Filter>
    <Filter Include="Source Files\Platform Scpecifics\Windows">
      <UniqueIdentifier>{59bbf226-27fa-44f2-b77c-5f414b8db52b}</UniqueIdentifier>
    </Filter>
    <Filter Include="Source Files\Platform Scpecifics\Base">
      <UniqueIdentifier>{8b60036b-983e-4496-89dc-684dfdc1373b}</UniqueIdentifier>
    </Filter>
  </ItemGroup>
  <ItemGroup>
    <ClCompile Include="src\giRadians.cpp">
      <Filter>Source Files</Filter>
    </ClCompile>
    <ClCompile Include="src\giDegrees.cpp">
      <Filter>Source Files</Filter>
    </ClCompile>
    <ClCompile Include="src\giVector2.cpp">
      <Filter>Source Files\Vector</Filter>
    </ClCompile>
    <ClCompile Include="src\giVector2i.cpp">
      <Filter>Source Files\Vector</Filter>
    </ClCompile>
    <ClCompile Include="src\giVector3.cpp">
      <Filter>Source Files\Vector</Filter>
    </ClCompile>
    <ClCompile Include="src\giVector3i.cpp">
      <Filter>Source Files\Vector</Filter>
    </ClCompile>
    <ClCompile Include="src\giVector4.cpp">
      <Filter>Source Files\Vector</Filter>
    </ClCompile>
    <ClCompile Include="src\giVector4i.cpp">
      <Filter>Source Files\Vector</Filter>
    </ClCompile>
    <ClCompile Include="src\giMatrix4.cpp">
      <Filter>Source Files\Matrix</Filter>
    </ClCompile>
    <ClCompile Include="src\giPlatformMath.cpp">
      <Filter>Source Files\Math</Filter>
    </ClCompile>
    <ClCompile Include="src\giTime.cpp">
      <Filter>Source Files\Time</Filter>
    </ClCompile>
    <ClCompile Include="src\giQuaternion.cpp">
      <Filter>Source Files</Filter>
    </ClCompile>
    <ClCompile Include="src\giTimer.cpp">
      <Filter>Source Files\Time</Filter>
    </ClCompile>
    <ClCompile Include="src\giLogger.cpp">
      <Filter>Source Files\Logger</Filter>
    </ClCompile>
    <ClCompile Include="src\giTransform.cpp">
      <Filter>Source Files</Filter>
    </ClCompile>
    <ClCompile Include="src\giFile.cpp">
      <Filter>Source Files\FileSystem</Filter>
    </ClCompile>
    <ClCompile Include="src\giFileSystem.cpp">
      <Filter>Source Files\FileSystem</Filter>
    </ClCompile>
    <ClCompile Include="src\giWindowsImplementations.cpp">
      <Filter>Source Files\Platform Scpecifics\Windows</Filter>
    </ClCompile>
  </ItemGroup>
  <ItemGroup>
    <ClInclude Include="include\giPlatformDefines.h">
      <Filter>Source Files\Prerequisites</Filter>
    </ClInclude>
    <ClInclude Include="include\giPlatformTypes.h">
      <Filter>Source Files\Prerequisites</Filter>
    </ClInclude>
    <ClInclude Include="include\giRadians.h">
      <Filter>Source Files</Filter>
    </ClInclude>
    <ClInclude Include="include\giDegrees.h">
      <Filter>Source Files</Filter>
    </ClInclude>
    <ClInclude Include="include\giPrerequisitesUtilities.h">
      <Filter>Source Files\Prerequisites</Filter>
    </ClInclude>
    <ClInclude Include="include\giStdHeaders.h">
      <Filter>Source Files</Filter>
    </ClInclude>
    <ClInclude Include="include\giModule.h">
      <Filter>Source Files</Filter>
    </ClInclude>
    <ClInclude Include="include\giVector2.h">
      <Filter>Source Files\Vector</Filter>
    </ClInclude>
    <ClInclude Include="include\giVector2i.h">
      <Filter>Source Files\Vector</Filter>
    </ClInclude>
    <ClInclude Include="include\giVector3.h">
      <Filter>Source Files\Vector</Filter>
    </ClInclude>
    <ClInclude Include="include\giVector3i.h">
      <Filter>Source Files\Vector</Filter>
    </ClInclude>
    <ClInclude Include="include\giVector4.h">
      <Filter>Source Files\Vector</Filter>
    </ClInclude>
    <ClInclude Include="include\giVector4i.h">
      <Filter>Source Files\Vector</Filter>
    </ClInclude>
    <ClInclude Include="include\giMatrix4.h">
      <Filter>Source Files\Matrix</Filter>
    </ClInclude>
    <ClInclude Include="include\giMath.h">
      <Filter>Source Files\Math</Filter>
    </ClInclude>
    <ClInclude Include="include\giPlatformMath.h">
      <Filter>Source Files\Math</Filter>
    </ClInclude>
    <ClInclude Include="include\giWindowsMath.h">
      <Filter>Source Files\Math</Filter>
    </ClInclude>
    <ClInclude Include="include\giLibraryLoader.h">
      <Filter>Source Files</Filter>
    </ClInclude>
    <ClInclude Include="include\giTime.h">
      <Filter>Source Files\Time</Filter>
    </ClInclude>
    <ClInclude Include="include\giTransform.h">
      <Filter>Source Files</Filter>
    </ClInclude>
    <ClInclude Include="include\giQuaternion.h">
      <Filter>Source Files</Filter>
    </ClInclude>
    <ClInclude Include="include\giTimer.h">
      <Filter>Source Files\Time</Filter>
    </ClInclude>
    <ClInclude Include="include\giLogger.h">
      <Filter>Source Files\Logger</Filter>
    </ClInclude>
    <ClInclude Include="include\giFile.h">
      <Filter>Source Files\FileSystem</Filter>
    </ClInclude>
    <ClInclude Include="include\giFileSystem.h">
      <Filter>Source Files\FileSystem</Filter>
    </ClInclude>
    <ClInclude Include="include\giBaseImplementations.h">
      <Filter>Source Files\Platform Scpecifics\Base</Filter>
    </ClInclude>
    <ClInclude Include="include\giWindowsImplementations.h">
      <Filter>Source Files\Platform Scpecifics\Windows</Filter>
    </ClInclude>
    <ClInclude Include="include\giSpecificImplementations.h">
      <Filter>Source Files\Platform Scpecifics\Base</Filter>
    </ClInclude>
  </ItemGroup>
</Project>