<?xml version="1.0" encoding="utf-8"?>
<Project ToolsVersion="4.0" xmlns="http://schemas.microsoft.com/developer/msbuild/2003">
  <ItemGroup>
    <Filter Include="Source Files">
      <UniqueIdentifier>{4FC737F1-C7A5-4376-A066-2A32D752A2FF}</UniqueIdentifier>
      <Extensions>cpp;c;h;cpp</Extensions>
    </Filter>
    <Filter Include="Source Files\Prerequisites">
      <UniqueIdentifier>{f04aa545-2dad-4cb4-b50c-66aa1ee74589}</UniqueIdentifier>
    </Filter>
  </ItemGroup>
  <ItemGroup>
    <ClCompile Include="src\deleteMe.cpp">
      <Filter>Source Files</Filter>
    </ClCompile>
    <ClCompile Include="src\giPlatformMath.cpp">
      <Filter>Source Files</Filter>
    </ClCompile>
    <ClCompile Include="src\giVector2.cpp">
      <Filter>Source Files</Filter>
    </ClCompile>
    <ClCompile Include="src\giRadians.cpp">
      <Filter>Source Files</Filter>
    </ClCompile>
    <ClCompile Include="src\giDegrees.cpp">
      <Filter>Source Files</Filter>
    </ClCompile>
  </ItemGroup>
  <ItemGroup>
    <ClInclude Include="include\giPlatformDefines.h">
      <Filter>Source Files\Prerequisites</Filter>
    </ClInclude>
    <ClInclude Include="include\giPlatformTypes.h">
      <Filter>Source Files\Prerequisites</Filter>
    </ClInclude>
    <ClInclude Include="include\giPlatformMath.h">
      <Filter>Source Files</Filter>
    </ClInclude>
    <ClInclude Include="include\giRadians.h">
      <Filter>Source Files</Filter>
    </ClInclude>
    <ClInclude Include="include\giVector2.h">
      <Filter>Source Files</Filter>
    </ClInclude>
    <ClInclude Include="include\giDegrees.h">
      <Filter>Source Files</Filter>
    </ClInclude>
  </ItemGroup>
</Project>